// !$*UTF8*$!
{
	archiveVersion = 1;
	classes = {
	};
	objectVersion = 51;
	objects = {

/* Begin PBXBuildFile section */
		2E3816DE3429FB2C28B9DFBE /* Pods_DynamicScheduler_DynamicSchedulerUITests.framework in Frameworks */ = {isa = PBXBuildFile; fileRef = AFDFB39104F793C3E5D69A15 /* Pods_DynamicScheduler_DynamicSchedulerUITests.framework */; };
		4195BBE34EF6669AD36A2367 /* Pods_DynamicScheduler.framework in Frameworks */ = {isa = PBXBuildFile; fileRef = D46C885B614AFB8798DA6870 /* Pods_DynamicScheduler.framework */; };
		4FCACA52239F91910099D3BC /* TaskDetailViewController.swift in Sources */ = {isa = PBXBuildFile; fileRef = 4FCACA51239F91900099D3BC /* TaskDetailViewController.swift */; };
		B90A3B522394FA8600563776 /* ProjectTasksViewController.swift in Sources */ = {isa = PBXBuildFile; fileRef = B90A3B512394FA8600563776 /* ProjectTasksViewController.swift */; };
		B90A3B54239503A800563776 /* ProjectTaskCell.swift in Sources */ = {isa = PBXBuildFile; fileRef = B90A3B53239503A800563776 /* ProjectTaskCell.swift */; };
		B90A3B5623950C0A00563776 /* AddTaskViewController.swift in Sources */ = {isa = PBXBuildFile; fileRef = B90A3B5523950C0A00563776 /* AddTaskViewController.swift */; };
		B90A3B57239519A000563776 /* TableViewCell.swift in Sources */ = {isa = PBXBuildFile; fileRef = B90A3B4D2394A18A00563776 /* TableViewCell.swift */; };
		B961D6D82398C61400694967 /* GenericTaskViewController.swift in Sources */ = {isa = PBXBuildFile; fileRef = B961D6D72398C61400694967 /* GenericTaskViewController.swift */; };
		B961D6DA2398DE0700694967 /* GenericTaskViewCell.swift in Sources */ = {isa = PBXBuildFile; fileRef = B961D6D92398DE0700694967 /* GenericTaskViewCell.swift */; };
		C023245A23996F7600D84B3F /* SceneDelegate.swift in Sources */ = {isa = PBXBuildFile; fileRef = C023245923996F7600D84B3F /* SceneDelegate.swift */; };
		C023245F2399702E00D84B3F /* CalendarViewController.swift in Sources */ = {isa = PBXBuildFile; fileRef = C023245E2399702D00D84B3F /* CalendarViewController.swift */; };
		C023246B2399709600D84B3F /* Project+CoreDataClass.swift in Sources */ = {isa = PBXBuildFile; fileRef = C02324632399709600D84B3F /* Project+CoreDataClass.swift */; };
		C023246C2399709600D84B3F /* Project+CoreDataProperties.swift in Sources */ = {isa = PBXBuildFile; fileRef = C02324642399709600D84B3F /* Project+CoreDataProperties.swift */; };
		C023246D2399709600D84B3F /* EventData+CoreDataClass.swift in Sources */ = {isa = PBXBuildFile; fileRef = C02324652399709600D84B3F /* EventData+CoreDataClass.swift */; };
		C023246E2399709600D84B3F /* EventData+CoreDataProperties.swift in Sources */ = {isa = PBXBuildFile; fileRef = C02324662399709600D84B3F /* EventData+CoreDataProperties.swift */; };
		C023246F2399709600D84B3F /* Task+CoreDataClass.swift in Sources */ = {isa = PBXBuildFile; fileRef = C02324672399709600D84B3F /* Task+CoreDataClass.swift */; };
		C02324702399709600D84B3F /* Task+CoreDataProperties.swift in Sources */ = {isa = PBXBuildFile; fileRef = C02324682399709600D84B3F /* Task+CoreDataProperties.swift */; };
		C02324712399709600D84B3F /* Constraint+CoreDataClass.swift in Sources */ = {isa = PBXBuildFile; fileRef = C02324692399709600D84B3F /* Constraint+CoreDataClass.swift */; };
		C02324722399709600D84B3F /* Constraint+CoreDataProperties.swift in Sources */ = {isa = PBXBuildFile; fileRef = C023246A2399709600D84B3F /* Constraint+CoreDataProperties.swift */; };
		C02324742399714C00D84B3F /* AppDelegate.swift in Sources */ = {isa = PBXBuildFile; fileRef = C02324732399714C00D84B3F /* AppDelegate.swift */; };
		C02324802399759900D84B3F /* Model.xcdatamodeld in Sources */ = {isa = PBXBuildFile; fileRef = C023247E2399759900D84B3F /* Model.xcdatamodeld */; };
		C0366B9E23A84EEA003073BA /* logo.png in Resources */ = {isa = PBXBuildFile; fileRef = C0366B9D23A84EEA003073BA /* logo.png */; };
		C0366BA023A84F21003073BA /* cview.PNG in Resources */ = {isa = PBXBuildFile; fileRef = C0366B9F23A84F21003073BA /* cview.PNG */; };
		C03EBB73239DB879008C80F4 /* TaskScheduler.swift in Sources */ = {isa = PBXBuildFile; fileRef = C03EBB72239DB879008C80F4 /* TaskScheduler.swift */; };
		C03EBB75239EEBFE008C80F4 /* readme.md in Resources */ = {isa = PBXBuildFile; fileRef = C03EBB74239EEBFE008C80F4 /* readme.md */; };
		C068767B239B1C6B00BAA21F /* CalendarImporter.swift in Sources */ = {isa = PBXBuildFile; fileRef = C068767A239B1C6B00BAA21F /* CalendarImporter.swift */; };
		C07D31FE23885D180087368D /* ProjectTableViewController.swift in Sources */ = {isa = PBXBuildFile; fileRef = C07D31FD23885D180087368D /* ProjectTableViewController.swift */; };
		C07D320123885D180087368D /* Main.storyboard in Resources */ = {isa = PBXBuildFile; fileRef = C07D31FF23885D180087368D /* Main.storyboard */; };
		C07D320623885D180087368D /* Assets.xcassets in Resources */ = {isa = PBXBuildFile; fileRef = C07D320523885D180087368D /* Assets.xcassets */; };
		C07D320923885D180087368D /* LaunchScreen.storyboard in Resources */ = {isa = PBXBuildFile; fileRef = C07D320723885D180087368D /* LaunchScreen.storyboard */; };
		C07D321423885D180087368D /* DynamicSchedulerTests.swift in Sources */ = {isa = PBXBuildFile; fileRef = C07D321323885D180087368D /* DynamicSchedulerTests.swift */; };
		C07D321F23885D190087368D /* DynamicSchedulerUITests.swift in Sources */ = {isa = PBXBuildFile; fileRef = C07D321E23885D190087368D /* DynamicSchedulerUITests.swift */; };
		FC4592857F4B99EB85DA319E /* Pods_DynamicSchedulerTests.framework in Frameworks */ = {isa = PBXBuildFile; fileRef = 6EE4B1F7CBE0E03703399749 /* Pods_DynamicSchedulerTests.framework */; };
/* End PBXBuildFile section */

/* Begin PBXContainerItemProxy section */
		C07D321023885D180087368D /* PBXContainerItemProxy */ = {
			isa = PBXContainerItemProxy;
			containerPortal = C07D31EE23885D180087368D /* Project object */;
			proxyType = 1;
			remoteGlobalIDString = C07D31F523885D180087368D;
			remoteInfo = DynamicScheduler;
		};
		C07D321B23885D190087368D /* PBXContainerItemProxy */ = {
			isa = PBXContainerItemProxy;
			containerPortal = C07D31EE23885D180087368D /* Project object */;
			proxyType = 1;
			remoteGlobalIDString = C07D31F523885D180087368D;
			remoteInfo = DynamicScheduler;
		};
/* End PBXContainerItemProxy section */

/* Begin PBXFileReference section */
		2455AD3BCE97D5139D759736 /* Pods-DynamicSchedulerTests.debug.xcconfig */ = {isa = PBXFileReference; includeInIndex = 1; lastKnownFileType = text.xcconfig; name = "Pods-DynamicSchedulerTests.debug.xcconfig"; path = "Target Support Files/Pods-DynamicSchedulerTests/Pods-DynamicSchedulerTests.debug.xcconfig"; sourceTree = "<group>"; };
		29841AD19FA04C9021B8CBA2 /* Pods-DynamicScheduler.debug.xcconfig */ = {isa = PBXFileReference; includeInIndex = 1; lastKnownFileType = text.xcconfig; name = "Pods-DynamicScheduler.debug.xcconfig"; path = "Target Support Files/Pods-DynamicScheduler/Pods-DynamicScheduler.debug.xcconfig"; sourceTree = "<group>"; };
		4FCACA51239F91900099D3BC /* TaskDetailViewController.swift */ = {isa = PBXFileReference; lastKnownFileType = sourcecode.swift; name = TaskDetailViewController.swift; path = "DynamicScheduler/View Controllers/TaskDetailViewController.swift"; sourceTree = SOURCE_ROOT; };
		6D305F22DCA7104955656C9E /* Pods-DynamicScheduler-DynamicSchedulerUITests.release.xcconfig */ = {isa = PBXFileReference; includeInIndex = 1; lastKnownFileType = text.xcconfig; name = "Pods-DynamicScheduler-DynamicSchedulerUITests.release.xcconfig"; path = "Target Support Files/Pods-DynamicScheduler-DynamicSchedulerUITests/Pods-DynamicScheduler-DynamicSchedulerUITests.release.xcconfig"; sourceTree = "<group>"; };
		6EE4B1F7CBE0E03703399749 /* Pods_DynamicSchedulerTests.framework */ = {isa = PBXFileReference; explicitFileType = wrapper.framework; includeInIndex = 0; path = Pods_DynamicSchedulerTests.framework; sourceTree = BUILT_PRODUCTS_DIR; };
		735E351BC7453413AEC3844B /* Pods-DynamicScheduler-DynamicSchedulerUITests.debug.xcconfig */ = {isa = PBXFileReference; includeInIndex = 1; lastKnownFileType = text.xcconfig; name = "Pods-DynamicScheduler-DynamicSchedulerUITests.debug.xcconfig"; path = "Target Support Files/Pods-DynamicScheduler-DynamicSchedulerUITests/Pods-DynamicScheduler-DynamicSchedulerUITests.debug.xcconfig"; sourceTree = "<group>"; };
		859CA5D15611529E5281EB28 /* Pods-DynamicSchedulerTests.release.xcconfig */ = {isa = PBXFileReference; includeInIndex = 1; lastKnownFileType = text.xcconfig; name = "Pods-DynamicSchedulerTests.release.xcconfig"; path = "Target Support Files/Pods-DynamicSchedulerTests/Pods-DynamicSchedulerTests.release.xcconfig"; sourceTree = "<group>"; };
		8CFB9C0EFF41E46387845083 /* Pods-DynamicScheduler.release.xcconfig */ = {isa = PBXFileReference; includeInIndex = 1; lastKnownFileType = text.xcconfig; name = "Pods-DynamicScheduler.release.xcconfig"; path = "Target Support Files/Pods-DynamicScheduler/Pods-DynamicScheduler.release.xcconfig"; sourceTree = "<group>"; };
		AFDFB39104F793C3E5D69A15 /* Pods_DynamicScheduler_DynamicSchedulerUITests.framework */ = {isa = PBXFileReference; explicitFileType = wrapper.framework; includeInIndex = 0; path = Pods_DynamicScheduler_DynamicSchedulerUITests.framework; sourceTree = BUILT_PRODUCTS_DIR; };
		B90A3B4D2394A18A00563776 /* TableViewCell.swift */ = {isa = PBXFileReference; lastKnownFileType = sourcecode.swift; name = TableViewCell.swift; path = DynamicScheduler/TableViewCell.swift; sourceTree = SOURCE_ROOT; };
		B90A3B512394FA8600563776 /* ProjectTasksViewController.swift */ = {isa = PBXFileReference; lastKnownFileType = sourcecode.swift; path = ProjectTasksViewController.swift; sourceTree = "<group>"; };
		B90A3B53239503A800563776 /* ProjectTaskCell.swift */ = {isa = PBXFileReference; lastKnownFileType = sourcecode.swift; path = ProjectTaskCell.swift; sourceTree = "<group>"; };
		B90A3B5523950C0A00563776 /* AddTaskViewController.swift */ = {isa = PBXFileReference; lastKnownFileType = sourcecode.swift; path = AddTaskViewController.swift; sourceTree = "<group>"; };
		B961D6D72398C61400694967 /* GenericTaskViewController.swift */ = {isa = PBXFileReference; lastKnownFileType = sourcecode.swift; path = GenericTaskViewController.swift; sourceTree = "<group>"; };
		B961D6D92398DE0700694967 /* GenericTaskViewCell.swift */ = {isa = PBXFileReference; lastKnownFileType = sourcecode.swift; path = GenericTaskViewCell.swift; sourceTree = "<group>"; };
		C023245923996F7600D84B3F /* SceneDelegate.swift */ = {isa = PBXFileReference; fileEncoding = 4; lastKnownFileType = sourcecode.swift; path = SceneDelegate.swift; sourceTree = "<group>"; };
		C023245E2399702D00D84B3F /* CalendarViewController.swift */ = {isa = PBXFileReference; fileEncoding = 4; lastKnownFileType = sourcecode.swift; path = CalendarViewController.swift; sourceTree = "<group>"; };
		C02324632399709600D84B3F /* Project+CoreDataClass.swift */ = {isa = PBXFileReference; lastKnownFileType = sourcecode.swift; path = "Project+CoreDataClass.swift"; sourceTree = "<group>"; };
		C02324642399709600D84B3F /* Project+CoreDataProperties.swift */ = {isa = PBXFileReference; lastKnownFileType = sourcecode.swift; path = "Project+CoreDataProperties.swift"; sourceTree = "<group>"; };
		C02324652399709600D84B3F /* EventData+CoreDataClass.swift */ = {isa = PBXFileReference; lastKnownFileType = sourcecode.swift; path = "EventData+CoreDataClass.swift"; sourceTree = "<group>"; };
		C02324662399709600D84B3F /* EventData+CoreDataProperties.swift */ = {isa = PBXFileReference; lastKnownFileType = sourcecode.swift; path = "EventData+CoreDataProperties.swift"; sourceTree = "<group>"; };
		C02324672399709600D84B3F /* Task+CoreDataClass.swift */ = {isa = PBXFileReference; lastKnownFileType = sourcecode.swift; path = "Task+CoreDataClass.swift"; sourceTree = "<group>"; };
		C02324682399709600D84B3F /* Task+CoreDataProperties.swift */ = {isa = PBXFileReference; lastKnownFileType = sourcecode.swift; path = "Task+CoreDataProperties.swift"; sourceTree = "<group>"; };
		C02324692399709600D84B3F /* Constraint+CoreDataClass.swift */ = {isa = PBXFileReference; lastKnownFileType = sourcecode.swift; path = "Constraint+CoreDataClass.swift"; sourceTree = "<group>"; };
		C023246A2399709600D84B3F /* Constraint+CoreDataProperties.swift */ = {isa = PBXFileReference; lastKnownFileType = sourcecode.swift; path = "Constraint+CoreDataProperties.swift"; sourceTree = "<group>"; };
		C02324732399714C00D84B3F /* AppDelegate.swift */ = {isa = PBXFileReference; fileEncoding = 4; lastKnownFileType = sourcecode.swift; path = AppDelegate.swift; sourceTree = "<group>"; };
		C023247F2399759900D84B3F /* Model.xcdatamodel */ = {isa = PBXFileReference; lastKnownFileType = wrapper.xcdatamodel; path = Model.xcdatamodel; sourceTree = "<group>"; };
		C0366B9D23A84EEA003073BA /* logo.png */ = {isa = PBXFileReference; lastKnownFileType = image.png; path = logo.png; sourceTree = "<group>"; };
		C0366B9F23A84F21003073BA /* cview.PNG */ = {isa = PBXFileReference; lastKnownFileType = image.png; path = cview.PNG; sourceTree = "<group>"; };
		C03EBB72239DB879008C80F4 /* TaskScheduler.swift */ = {isa = PBXFileReference; lastKnownFileType = sourcecode.swift; path = TaskScheduler.swift; sourceTree = "<group>"; };
		C03EBB74239EEBFE008C80F4 /* readme.md */ = {isa = PBXFileReference; fileEncoding = 4; lastKnownFileType = net.daringfireball.markdown; path = readme.md; sourceTree = "<group>"; };
		C068767A239B1C6B00BAA21F /* CalendarImporter.swift */ = {isa = PBXFileReference; lastKnownFileType = sourcecode.swift; path = CalendarImporter.swift; sourceTree = "<group>"; };
		C07D31F623885D180087368D /* DynamicScheduler.app */ = {isa = PBXFileReference; explicitFileType = wrapper.application; includeInIndex = 0; path = DynamicScheduler.app; sourceTree = BUILT_PRODUCTS_DIR; };
		C07D31FD23885D180087368D /* ProjectTableViewController.swift */ = {isa = PBXFileReference; lastKnownFileType = sourcecode.swift; path = ProjectTableViewController.swift; sourceTree = "<group>"; };
		C07D320023885D180087368D /* Base */ = {isa = PBXFileReference; lastKnownFileType = file.storyboard; name = Base; path = Base.lproj/Main.storyboard; sourceTree = "<group>"; };
		C07D320523885D180087368D /* Assets.xcassets */ = {isa = PBXFileReference; lastKnownFileType = folder.assetcatalog; path = Assets.xcassets; sourceTree = "<group>"; };
		C07D320823885D180087368D /* Base */ = {isa = PBXFileReference; lastKnownFileType = file.storyboard; name = Base; path = Base.lproj/LaunchScreen.storyboard; sourceTree = "<group>"; };
		C07D320A23885D180087368D /* Info.plist */ = {isa = PBXFileReference; lastKnownFileType = text.plist.xml; path = Info.plist; sourceTree = "<group>"; };
		C07D320F23885D180087368D /* DynamicSchedulerTests.xctest */ = {isa = PBXFileReference; explicitFileType = wrapper.cfbundle; includeInIndex = 0; path = DynamicSchedulerTests.xctest; sourceTree = BUILT_PRODUCTS_DIR; };
		C07D321323885D180087368D /* DynamicSchedulerTests.swift */ = {isa = PBXFileReference; lastKnownFileType = sourcecode.swift; path = DynamicSchedulerTests.swift; sourceTree = "<group>"; };
		C07D321523885D180087368D /* Info.plist */ = {isa = PBXFileReference; lastKnownFileType = text.plist.xml; path = Info.plist; sourceTree = "<group>"; };
		C07D321A23885D190087368D /* DynamicSchedulerUITests.xctest */ = {isa = PBXFileReference; explicitFileType = wrapper.cfbundle; includeInIndex = 0; path = DynamicSchedulerUITests.xctest; sourceTree = BUILT_PRODUCTS_DIR; };
		C07D321E23885D190087368D /* DynamicSchedulerUITests.swift */ = {isa = PBXFileReference; lastKnownFileType = sourcecode.swift; path = DynamicSchedulerUITests.swift; sourceTree = "<group>"; };
		C07D322023885D190087368D /* Info.plist */ = {isa = PBXFileReference; lastKnownFileType = text.plist.xml; path = Info.plist; sourceTree = "<group>"; };
		D46C885B614AFB8798DA6870 /* Pods_DynamicScheduler.framework */ = {isa = PBXFileReference; explicitFileType = wrapper.framework; includeInIndex = 0; path = Pods_DynamicScheduler.framework; sourceTree = BUILT_PRODUCTS_DIR; };
/* End PBXFileReference section */

/* Begin PBXFrameworksBuildPhase section */
		C07D31F323885D180087368D /* Frameworks */ = {
			isa = PBXFrameworksBuildPhase;
			buildActionMask = 2147483647;
			files = (
				4195BBE34EF6669AD36A2367 /* Pods_DynamicScheduler.framework in Frameworks */,
			);
			runOnlyForDeploymentPostprocessing = 0;
		};
		C07D320C23885D180087368D /* Frameworks */ = {
			isa = PBXFrameworksBuildPhase;
			buildActionMask = 2147483647;
			files = (
				FC4592857F4B99EB85DA319E /* Pods_DynamicSchedulerTests.framework in Frameworks */,
			);
			runOnlyForDeploymentPostprocessing = 0;
		};
		C07D321723885D190087368D /* Frameworks */ = {
			isa = PBXFrameworksBuildPhase;
			buildActionMask = 2147483647;
			files = (
				2E3816DE3429FB2C28B9DFBE /* Pods_DynamicScheduler_DynamicSchedulerUITests.framework in Frameworks */,
			);
			runOnlyForDeploymentPostprocessing = 0;
		};
/* End PBXFrameworksBuildPhase section */

/* Begin PBXGroup section */
		7B7572EED96080FA6C343FF2 /* Frameworks */ = {
			isa = PBXGroup;
			children = (
				D46C885B614AFB8798DA6870 /* Pods_DynamicScheduler.framework */,
				AFDFB39104F793C3E5D69A15 /* Pods_DynamicScheduler_DynamicSchedulerUITests.framework */,
				6EE4B1F7CBE0E03703399749 /* Pods_DynamicSchedulerTests.framework */,
			);
			name = Frameworks;
			sourceTree = "<group>";
		};
		C0366B9C23A84EC6003073BA /* readme_pics */ = {
			isa = PBXGroup;
			children = (
				C0366B9D23A84EEA003073BA /* logo.png */,
				C0366B9F23A84F21003073BA /* cview.PNG */,
			);
			path = readme_pics;
			sourceTree = "<group>";
		};
		C0687679239B1B7800BAA21F /* View Controllers */ = {
			isa = PBXGroup;
			children = (
				4FCACA51239F91900099D3BC /* TaskDetailViewController.swift */,
				C023245E2399702D00D84B3F /* CalendarViewController.swift */,
				B90A3B5523950C0A00563776 /* AddTaskViewController.swift */,
				B90A3B512394FA8600563776 /* ProjectTasksViewController.swift */,
				C07D31FD23885D180087368D /* ProjectTableViewController.swift */,
				B961D6D72398C61400694967 /* GenericTaskViewController.swift */,
			);
			path = "View Controllers";
			sourceTree = "<group>";
		};
		C07D31ED23885D180087368D = {
			isa = PBXGroup;
			children = (
				C0366B9C23A84EC6003073BA /* readme_pics */,
				C03EBB74239EEBFE008C80F4 /* readme.md */,
				C02324632399709600D84B3F /* Project+CoreDataClass.swift */,
				C02324642399709600D84B3F /* Project+CoreDataProperties.swift */,
				C02324652399709600D84B3F /* EventData+CoreDataClass.swift */,
				C02324662399709600D84B3F /* EventData+CoreDataProperties.swift */,
				C02324672399709600D84B3F /* Task+CoreDataClass.swift */,
				C02324682399709600D84B3F /* Task+CoreDataProperties.swift */,
				C02324692399709600D84B3F /* Constraint+CoreDataClass.swift */,
				C023246A2399709600D84B3F /* Constraint+CoreDataProperties.swift */,
				C07D31F823885D180087368D /* DynamicScheduler */,
				C07D321223885D180087368D /* DynamicSchedulerTests */,
				C07D321D23885D190087368D /* DynamicSchedulerUITests */,
				C07D31F723885D180087368D /* Products */,
				CBB2844D70AE0CE5C8563325 /* Pods */,
				7B7572EED96080FA6C343FF2 /* Frameworks */,
			);
			sourceTree = "<group>";
		};
		C07D31F723885D180087368D /* Products */ = {
			isa = PBXGroup;
			children = (
				C07D31F623885D180087368D /* DynamicScheduler.app */,
				C07D320F23885D180087368D /* DynamicSchedulerTests.xctest */,
				C07D321A23885D190087368D /* DynamicSchedulerUITests.xctest */,
			);
			name = Products;
			sourceTree = "<group>";
		};
		C07D31F823885D180087368D /* DynamicScheduler */ = {
			isa = PBXGroup;
			children = (
				C0687679239B1B7800BAA21F /* View Controllers */,
				C023247E2399759900D84B3F /* Model.xcdatamodeld */,
				C023245923996F7600D84B3F /* SceneDelegate.swift */,
				C02324732399714C00D84B3F /* AppDelegate.swift */,
				C07D31FF23885D180087368D /* Main.storyboard */,
				B90A3B4D2394A18A00563776 /* TableViewCell.swift */,
				B90A3B53239503A800563776 /* ProjectTaskCell.swift */,
				B961D6D92398DE0700694967 /* GenericTaskViewCell.swift */,
				C07D320523885D180087368D /* Assets.xcassets */,
				C07D320723885D180087368D /* LaunchScreen.storyboard */,
				C07D320A23885D180087368D /* Info.plist */,
				C068767A239B1C6B00BAA21F /* CalendarImporter.swift */,
				C03EBB72239DB879008C80F4 /* TaskScheduler.swift */,
			);
			path = DynamicScheduler;
			sourceTree = "<group>";
		};
		C07D321223885D180087368D /* DynamicSchedulerTests */ = {
			isa = PBXGroup;
			children = (
				C07D321323885D180087368D /* DynamicSchedulerTests.swift */,
				C07D321523885D180087368D /* Info.plist */,
			);
			path = DynamicSchedulerTests;
			sourceTree = "<group>";
		};
		C07D321D23885D190087368D /* DynamicSchedulerUITests */ = {
			isa = PBXGroup;
			children = (
				C07D321E23885D190087368D /* DynamicSchedulerUITests.swift */,
				C07D322023885D190087368D /* Info.plist */,
			);
			path = DynamicSchedulerUITests;
			sourceTree = "<group>";
		};
		CBB2844D70AE0CE5C8563325 /* Pods */ = {
			isa = PBXGroup;
			children = (
				29841AD19FA04C9021B8CBA2 /* Pods-DynamicScheduler.debug.xcconfig */,
				8CFB9C0EFF41E46387845083 /* Pods-DynamicScheduler.release.xcconfig */,
				735E351BC7453413AEC3844B /* Pods-DynamicScheduler-DynamicSchedulerUITests.debug.xcconfig */,
				6D305F22DCA7104955656C9E /* Pods-DynamicScheduler-DynamicSchedulerUITests.release.xcconfig */,
				2455AD3BCE97D5139D759736 /* Pods-DynamicSchedulerTests.debug.xcconfig */,
				859CA5D15611529E5281EB28 /* Pods-DynamicSchedulerTests.release.xcconfig */,
			);
			path = Pods;
			sourceTree = "<group>";
		};
/* End PBXGroup section */

/* Begin PBXNativeTarget section */
		C07D31F523885D180087368D /* DynamicScheduler */ = {
			isa = PBXNativeTarget;
			buildConfigurationList = C07D322323885D190087368D /* Build configuration list for PBXNativeTarget "DynamicScheduler" */;
			buildPhases = (
				50723996C72EBC98D985626D /* [CP] Check Pods Manifest.lock */,
				C07D31F223885D180087368D /* Sources */,
				C07D31F323885D180087368D /* Frameworks */,
				C07D31F423885D180087368D /* Resources */,
				A132E1460BDBD2B65353309C /* [CP] Embed Pods Frameworks */,
			);
			buildRules = (
			);
			dependencies = (
			);
			name = DynamicScheduler;
			productName = DynamicScheduler;
			productReference = C07D31F623885D180087368D /* DynamicScheduler.app */;
			productType = "com.apple.product-type.application";
		};
		C07D320E23885D180087368D /* DynamicSchedulerTests */ = {
			isa = PBXNativeTarget;
			buildConfigurationList = C07D322623885D190087368D /* Build configuration list for PBXNativeTarget "DynamicSchedulerTests" */;
			buildPhases = (
				123F2517D25FDE238DBFC4C9 /* [CP] Check Pods Manifest.lock */,
				C07D320B23885D180087368D /* Sources */,
				C07D320C23885D180087368D /* Frameworks */,
				C07D320D23885D180087368D /* Resources */,
			);
			buildRules = (
			);
			dependencies = (
				C07D321123885D180087368D /* PBXTargetDependency */,
			);
			name = DynamicSchedulerTests;
			productName = DynamicSchedulerTests;
			productReference = C07D320F23885D180087368D /* DynamicSchedulerTests.xctest */;
			productType = "com.apple.product-type.bundle.unit-test";
		};
		C07D321923885D190087368D /* DynamicSchedulerUITests */ = {
			isa = PBXNativeTarget;
			buildConfigurationList = C07D322923885D190087368D /* Build configuration list for PBXNativeTarget "DynamicSchedulerUITests" */;
			buildPhases = (
				8454643C8B5AA6B76F7CD40F /* [CP] Check Pods Manifest.lock */,
				C07D321623885D190087368D /* Sources */,
				C07D321723885D190087368D /* Frameworks */,
				C07D321823885D190087368D /* Resources */,
				2660C9B3D4A93B54384AC2C6 /* [CP] Embed Pods Frameworks */,
			);
			buildRules = (
			);
			dependencies = (
				C07D321C23885D190087368D /* PBXTargetDependency */,
			);
			name = DynamicSchedulerUITests;
			productName = DynamicSchedulerUITests;
			productReference = C07D321A23885D190087368D /* DynamicSchedulerUITests.xctest */;
			productType = "com.apple.product-type.bundle.ui-testing";
		};
/* End PBXNativeTarget section */

/* Begin PBXProject section */
		C07D31EE23885D180087368D /* Project object */ = {
			isa = PBXProject;
			attributes = {
				LastSwiftUpdateCheck = 1120;
				LastUpgradeCheck = 1120;
				ORGANIZATIONNAME = "Cameron Stowell";
				TargetAttributes = {
					C07D31F523885D180087368D = {
						CreatedOnToolsVersion = 11.2;
						LastSwiftMigration = 1120;
					};
					C07D320E23885D180087368D = {
						CreatedOnToolsVersion = 11.2;
						TestTargetID = C07D31F523885D180087368D;
					};
					C07D321923885D190087368D = {
						CreatedOnToolsVersion = 11.2;
						TestTargetID = C07D31F523885D180087368D;
					};
				};
			};
			buildConfigurationList = C07D31F123885D180087368D /* Build configuration list for PBXProject "DynamicScheduler" */;
			compatibilityVersion = "Xcode 9.3";
			developmentRegion = en;
			hasScannedForEncodings = 0;
			knownRegions = (
				en,
				Base,
			);
			mainGroup = C07D31ED23885D180087368D;
			productRefGroup = C07D31F723885D180087368D /* Products */;
			projectDirPath = "";
			projectRoot = "";
			targets = (
				C07D31F523885D180087368D /* DynamicScheduler */,
				C07D320E23885D180087368D /* DynamicSchedulerTests */,
				C07D321923885D190087368D /* DynamicSchedulerUITests */,
			);
		};
/* End PBXProject section */

/* Begin PBXResourcesBuildPhase section */
		C07D31F423885D180087368D /* Resources */ = {
			isa = PBXResourcesBuildPhase;
			buildActionMask = 2147483647;
			files = (
				C07D320923885D180087368D /* LaunchScreen.storyboard in Resources */,
				C07D320623885D180087368D /* Assets.xcassets in Resources */,
				C03EBB75239EEBFE008C80F4 /* readme.md in Resources */,
				C07D320123885D180087368D /* Main.storyboard in Resources */,
				C0366BA023A84F21003073BA /* cview.PNG in Resources */,
				C0366B9E23A84EEA003073BA /* logo.png in Resources */,
			);
			runOnlyForDeploymentPostprocessing = 0;
		};
		C07D320D23885D180087368D /* Resources */ = {
			isa = PBXResourcesBuildPhase;
			buildActionMask = 2147483647;
			files = (
			);
			runOnlyForDeploymentPostprocessing = 0;
		};
		C07D321823885D190087368D /* Resources */ = {
			isa = PBXResourcesBuildPhase;
			buildActionMask = 2147483647;
			files = (
			);
			runOnlyForDeploymentPostprocessing = 0;
		};
/* End PBXResourcesBuildPhase section */

/* Begin PBXShellScriptBuildPhase section */
		123F2517D25FDE238DBFC4C9 /* [CP] Check Pods Manifest.lock */ = {
			isa = PBXShellScriptBuildPhase;
			buildActionMask = 2147483647;
			files = (
			);
			inputFileListPaths = (
			);
			inputPaths = (
				"${PODS_PODFILE_DIR_PATH}/Podfile.lock",
				"${PODS_ROOT}/Manifest.lock",
			);
			name = "[CP] Check Pods Manifest.lock";
			outputFileListPaths = (
			);
			outputPaths = (
				"$(DERIVED_FILE_DIR)/Pods-DynamicSchedulerTests-checkManifestLockResult.txt",
			);
			runOnlyForDeploymentPostprocessing = 0;
			shellPath = /bin/sh;
			shellScript = "diff \"${PODS_PODFILE_DIR_PATH}/Podfile.lock\" \"${PODS_ROOT}/Manifest.lock\" > /dev/null\nif [ $? != 0 ] ; then\n    # print error to STDERR\n    echo \"error: The sandbox is not in sync with the Podfile.lock. Run 'pod install' or update your CocoaPods installation.\" >&2\n    exit 1\nfi\n# This output is used by Xcode 'outputs' to avoid re-running this script phase.\necho \"SUCCESS\" > \"${SCRIPT_OUTPUT_FILE_0}\"\n";
			showEnvVarsInLog = 0;
		};
		2660C9B3D4A93B54384AC2C6 /* [CP] Embed Pods Frameworks */ = {
			isa = PBXShellScriptBuildPhase;
			buildActionMask = 2147483647;
			files = (
			);
			inputFileListPaths = (
				"${PODS_ROOT}/Target Support Files/Pods-DynamicScheduler-DynamicSchedulerUITests/Pods-DynamicScheduler-DynamicSchedulerUITests-frameworks-${CONFIGURATION}-input-files.xcfilelist",
			);
			name = "[CP] Embed Pods Frameworks";
			outputFileListPaths = (
				"${PODS_ROOT}/Target Support Files/Pods-DynamicScheduler-DynamicSchedulerUITests/Pods-DynamicScheduler-DynamicSchedulerUITests-frameworks-${CONFIGURATION}-output-files.xcfilelist",
			);
			runOnlyForDeploymentPostprocessing = 0;
			shellPath = /bin/sh;
			shellScript = "\"${PODS_ROOT}/Target Support Files/Pods-DynamicScheduler-DynamicSchedulerUITests/Pods-DynamicScheduler-DynamicSchedulerUITests-frameworks.sh\"\n";
			showEnvVarsInLog = 0;
		};
		50723996C72EBC98D985626D /* [CP] Check Pods Manifest.lock */ = {
			isa = PBXShellScriptBuildPhase;
			buildActionMask = 2147483647;
			files = (
			);
			inputFileListPaths = (
			);
			inputPaths = (
				"${PODS_PODFILE_DIR_PATH}/Podfile.lock",
				"${PODS_ROOT}/Manifest.lock",
			);
			name = "[CP] Check Pods Manifest.lock";
			outputFileListPaths = (
			);
			outputPaths = (
				"$(DERIVED_FILE_DIR)/Pods-DynamicScheduler-checkManifestLockResult.txt",
			);
			runOnlyForDeploymentPostprocessing = 0;
			shellPath = /bin/sh;
			shellScript = "diff \"${PODS_PODFILE_DIR_PATH}/Podfile.lock\" \"${PODS_ROOT}/Manifest.lock\" > /dev/null\nif [ $? != 0 ] ; then\n    # print error to STDERR\n    echo \"error: The sandbox is not in sync with the Podfile.lock. Run 'pod install' or update your CocoaPods installation.\" >&2\n    exit 1\nfi\n# This output is used by Xcode 'outputs' to avoid re-running this script phase.\necho \"SUCCESS\" > \"${SCRIPT_OUTPUT_FILE_0}\"\n";
			showEnvVarsInLog = 0;
		};
		8454643C8B5AA6B76F7CD40F /* [CP] Check Pods Manifest.lock */ = {
			isa = PBXShellScriptBuildPhase;
			buildActionMask = 2147483647;
			files = (
			);
			inputFileListPaths = (
			);
			inputPaths = (
				"${PODS_PODFILE_DIR_PATH}/Podfile.lock",
				"${PODS_ROOT}/Manifest.lock",
			);
			name = "[CP] Check Pods Manifest.lock";
			outputFileListPaths = (
			);
			outputPaths = (
				"$(DERIVED_FILE_DIR)/Pods-DynamicScheduler-DynamicSchedulerUITests-checkManifestLockResult.txt",
			);
			runOnlyForDeploymentPostprocessing = 0;
			shellPath = /bin/sh;
			shellScript = "diff \"${PODS_PODFILE_DIR_PATH}/Podfile.lock\" \"${PODS_ROOT}/Manifest.lock\" > /dev/null\nif [ $? != 0 ] ; then\n    # print error to STDERR\n    echo \"error: The sandbox is not in sync with the Podfile.lock. Run 'pod install' or update your CocoaPods installation.\" >&2\n    exit 1\nfi\n# This output is used by Xcode 'outputs' to avoid re-running this script phase.\necho \"SUCCESS\" > \"${SCRIPT_OUTPUT_FILE_0}\"\n";
			showEnvVarsInLog = 0;
		};
		A132E1460BDBD2B65353309C /* [CP] Embed Pods Frameworks */ = {
			isa = PBXShellScriptBuildPhase;
			buildActionMask = 2147483647;
			files = (
			);
			inputFileListPaths = (
				"${PODS_ROOT}/Target Support Files/Pods-DynamicScheduler/Pods-DynamicScheduler-frameworks-${CONFIGURATION}-input-files.xcfilelist",
			);
			name = "[CP] Embed Pods Frameworks";
			outputFileListPaths = (
				"${PODS_ROOT}/Target Support Files/Pods-DynamicScheduler/Pods-DynamicScheduler-frameworks-${CONFIGURATION}-output-files.xcfilelist",
			);
			runOnlyForDeploymentPostprocessing = 0;
			shellPath = /bin/sh;
			shellScript = "\"${PODS_ROOT}/Target Support Files/Pods-DynamicScheduler/Pods-DynamicScheduler-frameworks.sh\"\n";
			showEnvVarsInLog = 0;
		};
/* End PBXShellScriptBuildPhase section */

/* Begin PBXSourcesBuildPhase section */
		C07D31F223885D180087368D /* Sources */ = {
			isa = PBXSourcesBuildPhase;
			buildActionMask = 2147483647;
			files = (
				C02324742399714C00D84B3F /* AppDelegate.swift in Sources */,
				C023245F2399702E00D84B3F /* CalendarViewController.swift in Sources */,
				C023246D2399709600D84B3F /* EventData+CoreDataClass.swift in Sources */,
				C02324722399709600D84B3F /* Constraint+CoreDataProperties.swift in Sources */,
				C02324712399709600D84B3F /* Constraint+CoreDataClass.swift in Sources */,
				4FCACA52239F91910099D3BC /* TaskDetailViewController.swift in Sources */,
				B961D6DA2398DE0700694967 /* GenericTaskViewCell.swift in Sources */,
				B961D6D82398C61400694967 /* GenericTaskViewController.swift in Sources */,
				B90A3B57239519A000563776 /* TableViewCell.swift in Sources */,
				C02324802399759900D84B3F /* Model.xcdatamodeld in Sources */,
				C068767B239B1C6B00BAA21F /* CalendarImporter.swift in Sources */,
				B90A3B522394FA8600563776 /* ProjectTasksViewController.swift in Sources */,
				C023246F2399709600D84B3F /* Task+CoreDataClass.swift in Sources */,
				C07D31FE23885D180087368D /* ProjectTableViewController.swift in Sources */,
				C03EBB73239DB879008C80F4 /* TaskScheduler.swift in Sources */,
				C023246E2399709600D84B3F /* EventData+CoreDataProperties.swift in Sources */,
				C023246B2399709600D84B3F /* Project+CoreDataClass.swift in Sources */,
				C023246C2399709600D84B3F /* Project+CoreDataProperties.swift in Sources */,
				B90A3B5623950C0A00563776 /* AddTaskViewController.swift in Sources */,
				B90A3B54239503A800563776 /* ProjectTaskCell.swift in Sources */,
				C023245A23996F7600D84B3F /* SceneDelegate.swift in Sources */,
				C02324702399709600D84B3F /* Task+CoreDataProperties.swift in Sources */,
			);
			runOnlyForDeploymentPostprocessing = 0;
		};
		C07D320B23885D180087368D /* Sources */ = {
			isa = PBXSourcesBuildPhase;
			buildActionMask = 2147483647;
			files = (
				C07D321423885D180087368D /* DynamicSchedulerTests.swift in Sources */,
			);
			runOnlyForDeploymentPostprocessing = 0;
		};
		C07D321623885D190087368D /* Sources */ = {
			isa = PBXSourcesBuildPhase;
			buildActionMask = 2147483647;
			files = (
				C07D321F23885D190087368D /* DynamicSchedulerUITests.swift in Sources */,
			);
			runOnlyForDeploymentPostprocessing = 0;
		};
/* End PBXSourcesBuildPhase section */

/* Begin PBXTargetDependency section */
		C07D321123885D180087368D /* PBXTargetDependency */ = {
			isa = PBXTargetDependency;
			target = C07D31F523885D180087368D /* DynamicScheduler */;
			targetProxy = C07D321023885D180087368D /* PBXContainerItemProxy */;
		};
		C07D321C23885D190087368D /* PBXTargetDependency */ = {
			isa = PBXTargetDependency;
			target = C07D31F523885D180087368D /* DynamicScheduler */;
			targetProxy = C07D321B23885D190087368D /* PBXContainerItemProxy */;
		};
/* End PBXTargetDependency section */

/* Begin PBXVariantGroup section */
		C07D31FF23885D180087368D /* Main.storyboard */ = {
			isa = PBXVariantGroup;
			children = (
				C07D320023885D180087368D /* Base */,
			);
			name = Main.storyboard;
			sourceTree = "<group>";
		};
		C07D320723885D180087368D /* LaunchScreen.storyboard */ = {
			isa = PBXVariantGroup;
			children = (
				C07D320823885D180087368D /* Base */,
			);
			name = LaunchScreen.storyboard;
			sourceTree = "<group>";
		};
/* End PBXVariantGroup section */

/* Begin XCBuildConfiguration section */
		C07D322123885D190087368D /* Debug */ = {
			isa = XCBuildConfiguration;
			buildSettings = {
				ALWAYS_SEARCH_USER_PATHS = NO;
				CLANG_ANALYZER_NONNULL = YES;
				CLANG_ANALYZER_NUMBER_OBJECT_CONVERSION = YES_AGGRESSIVE;
				CLANG_CXX_LANGUAGE_STANDARD = "gnu++14";
				CLANG_CXX_LIBRARY = "libc++";
				CLANG_ENABLE_MODULES = YES;
				CLANG_ENABLE_OBJC_ARC = YES;
				CLANG_ENABLE_OBJC_WEAK = YES;
				CLANG_WARN_BLOCK_CAPTURE_AUTORELEASING = YES;
				CLANG_WARN_BOOL_CONVERSION = YES;
				CLANG_WARN_COMMA = YES;
				CLANG_WARN_CONSTANT_CONVERSION = YES;
				CLANG_WARN_DEPRECATED_OBJC_IMPLEMENTATIONS = YES;
				CLANG_WARN_DIRECT_OBJC_ISA_USAGE = YES_ERROR;
				CLANG_WARN_DOCUMENTATION_COMMENTS = YES;
				CLANG_WARN_EMPTY_BODY = YES;
				CLANG_WARN_ENUM_CONVERSION = YES;
				CLANG_WARN_INFINITE_RECURSION = YES;
				CLANG_WARN_INT_CONVERSION = YES;
				CLANG_WARN_NON_LITERAL_NULL_CONVERSION = YES;
				CLANG_WARN_OBJC_IMPLICIT_RETAIN_SELF = YES;
				CLANG_WARN_OBJC_LITERAL_CONVERSION = YES;
				CLANG_WARN_OBJC_ROOT_CLASS = YES_ERROR;
				CLANG_WARN_RANGE_LOOP_ANALYSIS = YES;
				CLANG_WARN_STRICT_PROTOTYPES = YES;
				CLANG_WARN_SUSPICIOUS_MOVE = YES;
				CLANG_WARN_UNGUARDED_AVAILABILITY = YES_AGGRESSIVE;
				CLANG_WARN_UNREACHABLE_CODE = YES;
				CLANG_WARN__DUPLICATE_METHOD_MATCH = YES;
				COPY_PHASE_STRIP = NO;
				DEBUG_INFORMATION_FORMAT = dwarf;
				ENABLE_STRICT_OBJC_MSGSEND = YES;
				ENABLE_TESTABILITY = YES;
				GCC_C_LANGUAGE_STANDARD = gnu11;
				GCC_DYNAMIC_NO_PIC = NO;
				GCC_NO_COMMON_BLOCKS = YES;
				GCC_OPTIMIZATION_LEVEL = 0;
				GCC_PREPROCESSOR_DEFINITIONS = (
					"DEBUG=1",
					"$(inherited)",
				);
				GCC_WARN_64_TO_32_BIT_CONVERSION = YES;
				GCC_WARN_ABOUT_RETURN_TYPE = YES_ERROR;
				GCC_WARN_UNDECLARED_SELECTOR = YES;
				GCC_WARN_UNINITIALIZED_AUTOS = YES_AGGRESSIVE;
				GCC_WARN_UNUSED_FUNCTION = YES;
				GCC_WARN_UNUSED_VARIABLE = YES;
				IPHONEOS_DEPLOYMENT_TARGET = 13.2;
				MTL_ENABLE_DEBUG_INFO = INCLUDE_SOURCE;
				MTL_FAST_MATH = YES;
				ONLY_ACTIVE_ARCH = YES;
				SDKROOT = iphoneos;
				SWIFT_ACTIVE_COMPILATION_CONDITIONS = DEBUG;
				SWIFT_OPTIMIZATION_LEVEL = "-Onone";
			};
			name = Debug;
		};
		C07D322223885D190087368D /* Release */ = {
			isa = XCBuildConfiguration;
			buildSettings = {
				ALWAYS_SEARCH_USER_PATHS = NO;
				CLANG_ANALYZER_NONNULL = YES;
				CLANG_ANALYZER_NUMBER_OBJECT_CONVERSION = YES_AGGRESSIVE;
				CLANG_CXX_LANGUAGE_STANDARD = "gnu++14";
				CLANG_CXX_LIBRARY = "libc++";
				CLANG_ENABLE_MODULES = YES;
				CLANG_ENABLE_OBJC_ARC = YES;
				CLANG_ENABLE_OBJC_WEAK = YES;
				CLANG_WARN_BLOCK_CAPTURE_AUTORELEASING = YES;
				CLANG_WARN_BOOL_CONVERSION = YES;
				CLANG_WARN_COMMA = YES;
				CLANG_WARN_CONSTANT_CONVERSION = YES;
				CLANG_WARN_DEPRECATED_OBJC_IMPLEMENTATIONS = YES;
				CLANG_WARN_DIRECT_OBJC_ISA_USAGE = YES_ERROR;
				CLANG_WARN_DOCUMENTATION_COMMENTS = YES;
				CLANG_WARN_EMPTY_BODY = YES;
				CLANG_WARN_ENUM_CONVERSION = YES;
				CLANG_WARN_INFINITE_RECURSION = YES;
				CLANG_WARN_INT_CONVERSION = YES;
				CLANG_WARN_NON_LITERAL_NULL_CONVERSION = YES;
				CLANG_WARN_OBJC_IMPLICIT_RETAIN_SELF = YES;
				CLANG_WARN_OBJC_LITERAL_CONVERSION = YES;
				CLANG_WARN_OBJC_ROOT_CLASS = YES_ERROR;
				CLANG_WARN_RANGE_LOOP_ANALYSIS = YES;
				CLANG_WARN_STRICT_PROTOTYPES = YES;
				CLANG_WARN_SUSPICIOUS_MOVE = YES;
				CLANG_WARN_UNGUARDED_AVAILABILITY = YES_AGGRESSIVE;
				CLANG_WARN_UNREACHABLE_CODE = YES;
				CLANG_WARN__DUPLICATE_METHOD_MATCH = YES;
				COPY_PHASE_STRIP = NO;
				DEBUG_INFORMATION_FORMAT = "dwarf-with-dsym";
				ENABLE_NS_ASSERTIONS = NO;
				ENABLE_STRICT_OBJC_MSGSEND = YES;
				GCC_C_LANGUAGE_STANDARD = gnu11;
				GCC_NO_COMMON_BLOCKS = YES;
				GCC_WARN_64_TO_32_BIT_CONVERSION = YES;
				GCC_WARN_ABOUT_RETURN_TYPE = YES_ERROR;
				GCC_WARN_UNDECLARED_SELECTOR = YES;
				GCC_WARN_UNINITIALIZED_AUTOS = YES_AGGRESSIVE;
				GCC_WARN_UNUSED_FUNCTION = YES;
				GCC_WARN_UNUSED_VARIABLE = YES;
				IPHONEOS_DEPLOYMENT_TARGET = 13.2;
				MTL_ENABLE_DEBUG_INFO = NO;
				MTL_FAST_MATH = YES;
				SDKROOT = iphoneos;
				SWIFT_COMPILATION_MODE = wholemodule;
				SWIFT_OPTIMIZATION_LEVEL = "-O";
				VALIDATE_PRODUCT = YES;
			};
			name = Release;
		};
		C07D322423885D190087368D /* Debug */ = {
			isa = XCBuildConfiguration;
			baseConfigurationReference = 29841AD19FA04C9021B8CBA2 /* Pods-DynamicScheduler.debug.xcconfig */;
			buildSettings = {
				ASSETCATALOG_COMPILER_APPICON_NAME = AppIcon;
				CLANG_ENABLE_MODULES = YES;
				CODE_SIGN_STYLE = Automatic;
				DEVELOPMENT_TEAM = WTHZQT9857;
				INFOPLIST_FILE = DynamicScheduler/Info.plist;
				IPHONEOS_DEPLOYMENT_TARGET = 12.4;
				LD_RUNPATH_SEARCH_PATHS = (
					"$(inherited)",
					"@executable_path/Frameworks",
				);
				PRODUCT_BUNDLE_IDENTIFIER = cameronstowell.DynamicScheduler;
				PRODUCT_NAME = "$(TARGET_NAME)";
				SWIFT_OPTIMIZATION_LEVEL = "-Onone";
				SWIFT_VERSION = 5.0;
				TARGETED_DEVICE_FAMILY = "1,2";
			};
			name = Debug;
		};
		C07D322523885D190087368D /* Release */ = {
			isa = XCBuildConfiguration;
			baseConfigurationReference = 8CFB9C0EFF41E46387845083 /* Pods-DynamicScheduler.release.xcconfig */;
			buildSettings = {
				ASSETCATALOG_COMPILER_APPICON_NAME = AppIcon;
				CLANG_ENABLE_MODULES = YES;
				CODE_SIGN_STYLE = Automatic;
				DEVELOPMENT_TEAM = WTHZQT9857;
				INFOPLIST_FILE = DynamicScheduler/Info.plist;
				IPHONEOS_DEPLOYMENT_TARGET = 12.4;
				LD_RUNPATH_SEARCH_PATHS = (
					"$(inherited)",
					"@executable_path/Frameworks",
				);
				PRODUCT_BUNDLE_IDENTIFIER = cameronstowell.DynamicScheduler;
				PRODUCT_NAME = "$(TARGET_NAME)";
				SWIFT_VERSION = 5.0;
				TARGETED_DEVICE_FAMILY = "1,2";
			};
			name = Release;
		};
		C07D322723885D190087368D /* Debug */ = {
			isa = XCBuildConfiguration;
			baseConfigurationReference = 2455AD3BCE97D5139D759736 /* Pods-DynamicSchedulerTests.debug.xcconfig */;
			buildSettings = {
				ALWAYS_EMBED_SWIFT_STANDARD_LIBRARIES = YES;
				BUNDLE_LOADER = "$(TEST_HOST)";
				CODE_SIGN_STYLE = Automatic;
				INFOPLIST_FILE = DynamicSchedulerTests/Info.plist;
				IPHONEOS_DEPLOYMENT_TARGET = 13.2;
				LD_RUNPATH_SEARCH_PATHS = (
					"$(inherited)",
					"@executable_path/Frameworks",
					"@loader_path/Frameworks",
				);
				PRODUCT_BUNDLE_IDENTIFIER = cameronstowell.DynamicSchedulerTests;
				PRODUCT_NAME = "$(TARGET_NAME)";
				SWIFT_VERSION = 5.0;
				TARGETED_DEVICE_FAMILY = "1,2";
				TEST_HOST = "$(BUILT_PRODUCTS_DIR)/DynamicScheduler.app/DynamicScheduler";
			};
			name = Debug;
		};
		C07D322823885D190087368D /* Release */ = {
			isa = XCBuildConfiguration;
			baseConfigurationReference = 859CA5D15611529E5281EB28 /* Pods-DynamicSchedulerTests.release.xcconfig */;
			buildSettings = {
				ALWAYS_EMBED_SWIFT_STANDARD_LIBRARIES = YES;
				BUNDLE_LOADER = "$(TEST_HOST)";
				CODE_SIGN_STYLE = Automatic;
				INFOPLIST_FILE = DynamicSchedulerTests/Info.plist;
				IPHONEOS_DEPLOYMENT_TARGET = 13.2;
				LD_RUNPATH_SEARCH_PATHS = (
					"$(inherited)",
					"@executable_path/Frameworks",
					"@loader_path/Frameworks",
				);
				PRODUCT_BUNDLE_IDENTIFIER = cameronstowell.DynamicSchedulerTests;
				PRODUCT_NAME = "$(TARGET_NAME)";
				SWIFT_VERSION = 5.0;
				TARGETED_DEVICE_FAMILY = "1,2";
				TEST_HOST = "$(BUILT_PRODUCTS_DIR)/DynamicScheduler.app/DynamicScheduler";
			};
			name = Release;
		};
		C07D322A23885D190087368D /* Debug */ = {
			isa = XCBuildConfiguration;
			baseConfigurationReference = 735E351BC7453413AEC3844B /* Pods-DynamicScheduler-DynamicSchedulerUITests.debug.xcconfig */;
			buildSettings = {
				ALWAYS_EMBED_SWIFT_STANDARD_LIBRARIES = YES;
				CODE_SIGN_STYLE = Automatic;
				INFOPLIST_FILE = DynamicSchedulerUITests/Info.plist;
				LD_RUNPATH_SEARCH_PATHS = (
					"$(inherited)",
					"@executable_path/Frameworks",
					"@loader_path/Frameworks",
				);
				PRODUCT_BUNDLE_IDENTIFIER = cameronstowell.DynamicSchedulerUITests;
				PRODUCT_NAME = "$(TARGET_NAME)";
				SWIFT_VERSION = 5.0;
				TARGETED_DEVICE_FAMILY = "1,2";
				TEST_TARGET_NAME = DynamicScheduler;
			};
			name = Debug;
		};
		C07D322B23885D190087368D /* Release */ = {
			isa = XCBuildConfiguration;
			baseConfigurationReference = 6D305F22DCA7104955656C9E /* Pods-DynamicScheduler-DynamicSchedulerUITests.release.xcconfig */;
			buildSettings = {
				ALWAYS_EMBED_SWIFT_STANDARD_LIBRARIES = YES;
				CODE_SIGN_STYLE = Automatic;
				INFOPLIST_FILE = DynamicSchedulerUITests/Info.plist;
				LD_RUNPATH_SEARCH_PATHS = (
					"$(inherited)",
					"@executable_path/Frameworks",
					"@loader_path/Frameworks",
				);
				PRODUCT_BUNDLE_IDENTIFIER = cameronstowell.DynamicSchedulerUITests;
				PRODUCT_NAME = "$(TARGET_NAME)";
				SWIFT_VERSION = 5.0;
				TARGETED_DEVICE_FAMILY = "1,2";
				TEST_TARGET_NAME = DynamicScheduler;
			};
			name = Release;
		};
/* End XCBuildConfiguration section */

/* Begin XCConfigurationList section */
		C07D31F123885D180087368D /* Build configuration list for PBXProject "DynamicScheduler" */ = {
			isa = XCConfigurationList;
			buildConfigurations = (
				C07D322123885D190087368D /* Debug */,
				C07D322223885D190087368D /* Release */,
			);
			defaultConfigurationIsVisible = 0;
			defaultConfigurationName = Release;
		};
		C07D322323885D190087368D /* Build configuration list for PBXNativeTarget "DynamicScheduler" */ = {
			isa = XCConfigurationList;
			buildConfigurations = (
				C07D322423885D190087368D /* Debug */,
				C07D322523885D190087368D /* Release */,
			);
			defaultConfigurationIsVisible = 0;
			defaultConfigurationName = Release;
		};
		C07D322623885D190087368D /* Build configuration list for PBXNativeTarget "DynamicSchedulerTests" */ = {
			isa = XCConfigurationList;
			buildConfigurations = (
				C07D322723885D190087368D /* Debug */,
				C07D322823885D190087368D /* Release */,
			);
			defaultConfigurationIsVisible = 0;
			defaultConfigurationName = Release;
		};
		C07D322923885D190087368D /* Build configuration list for PBXNativeTarget "DynamicSchedulerUITests" */ = {
			isa = XCConfigurationList;
			buildConfigurations = (
				C07D322A23885D190087368D /* Debug */,
				C07D322B23885D190087368D /* Release */,
			);
			defaultConfigurationIsVisible = 0;
			defaultConfigurationName = Release;
		};
/* End XCConfigurationList section */

/* Begin XCVersionGroup section */
		C023247E2399759900D84B3F /* Model.xcdatamodeld */ = {
			isa = XCVersionGroup;
			children = (
				C023247F2399759900D84B3F /* Model.xcdatamodel */,
			);
			currentVersion = C023247F2399759900D84B3F /* Model.xcdatamodel */;
			path = Model.xcdatamodeld;
			sourceTree = "<group>";
			versionGroupType = wrapper.xcdatamodel;
		};
/* End XCVersionGroup section */
	};
	rootObject = C07D31EE23885D180087368D /* Project object */;
}
